PODS:
  - Realm (10.1.4):
    - Realm/Headers (= 10.1.4)
  - Realm/Headers (10.1.4)
  - RealmSwift (10.1.4):
    - Realm (= 10.1.4)

DEPENDENCIES:
  - RealmSwift

SPEC REPOS:
  trunk:
    - Realm
    - RealmSwift

SPEC CHECKSUMS:
  Realm: 80f4fb2971ccb9adc27a47d0955ae8e533a7030b
  RealmSwift: 0e566ca714edb377bba8ea0811eafcea0b93734e

PODFILE CHECKSUM: 2492b79bf90eb1828afa5b87dc108cf7b04c3f00

COCOAPODS: 1.10.0
