// !$*UTF8*$!
{
	archiveVersion = 1;
	classes = {
	};
	objectVersion = 51;
	objects = {

/* Begin PBXBuildFile section */
		0C3D2506D2F0AD2BEC400C8D /* Pods_OrdermanTests.framework in Frameworks */ = {isa = PBXBuildFile; fileRef = 336D809A31AAEF4AEB106E68 /* Pods_OrdermanTests.framework */; };
		40623A5A25773E5A008144DC /* Setting.storyboard in Resources */ = {isa = PBXBuildFile; fileRef = 40623A5925773E5A008144DC /* Setting.storyboard */; };
		40623A5F25773E70008144DC /* SettingViewController.swift in Sources */ = {isa = PBXBuildFile; fileRef = 40623A5E25773E70008144DC /* SettingViewController.swift */; };
		408545D0257797E000A67C80 /* OrderViewController.swift in Sources */ = {isa = PBXBuildFile; fileRef = 408545CF257797E000A67C80 /* OrderViewController.swift */; };
		4FDA355F0C032434F1C34F8E /* Pods_Orderman_OrdermanUITests.framework in Frameworks */ = {isa = PBXBuildFile; fileRef = 383E601E27003720C28F4208 /* Pods_Orderman_OrdermanUITests.framework */; };
		D41BFA9E90DC6C578385D27D /* Pods_Orderman.framework in Frameworks */ = {isa = PBXBuildFile; fileRef = 8E5F0F54466FD81D16EA8A11 /* Pods_Orderman.framework */; };
		F76EB73225753CEA00123E67 /* OrderStartViewController.swift in Sources */ = {isa = PBXBuildFile; fileRef = F76EB73125753CEA00123E67 /* OrderStartViewController.swift */; };
		F781C2F4257769DC0005D3E8 /* OrderDetailViewController.swift in Sources */ = {isa = PBXBuildFile; fileRef = F781C2F3257769DC0005D3E8 /* OrderDetailViewController.swift */; };
		F781C30125776E900005D3E8 /* Order.storyboard in Resources */ = {isa = PBXBuildFile; fileRef = F781C30025776E900005D3E8 /* Order.storyboard */; };
		F79E72BF2570A89F005EF62B /* AppDelegate.swift in Sources */ = {isa = PBXBuildFile; fileRef = F79E72BE2570A89F005EF62B /* AppDelegate.swift */; };
		F79E72C12570A89F005EF62B /* SceneDelegate.swift in Sources */ = {isa = PBXBuildFile; fileRef = F79E72C02570A89F005EF62B /* SceneDelegate.swift */; };
		F79E72C62570A89F005EF62B /* Main.storyboard in Resources */ = {isa = PBXBuildFile; fileRef = F79E72C42570A89F005EF62B /* Main.storyboard */; };
		F79E72C92570A89F005EF62B /* GreateKolkata.xcdatamodeld in Sources */ = {isa = PBXBuildFile; fileRef = F79E72C72570A89F005EF62B /* GreateKolkata.xcdatamodeld */; };
		F79E72CB2570A8AA005EF62B /* Assets.xcassets in Resources */ = {isa = PBXBuildFile; fileRef = F79E72CA2570A8AA005EF62B /* Assets.xcassets */; };
		F79E72CE2570A8AA005EF62B /* LaunchScreen.storyboard in Resources */ = {isa = PBXBuildFile; fileRef = F79E72CC2570A8AA005EF62B /* LaunchScreen.storyboard */; };
		F79E72D92570A8AA005EF62B /* GreateKolkataTests.swift in Sources */ = {isa = PBXBuildFile; fileRef = F79E72D82570A8AA005EF62B /* GreateKolkataTests.swift */; };
		F79E72E42570A8AA005EF62B /* GreateKolkataUITests.swift in Sources */ = {isa = PBXBuildFile; fileRef = F79E72E32570A8AA005EF62B /* GreateKolkataUITests.swift */; };
/* End PBXBuildFile section */

/* Begin PBXContainerItemProxy section */
		F79E72D52570A8AA005EF62B /* PBXContainerItemProxy */ = {
			isa = PBXContainerItemProxy;
			containerPortal = F79E72B32570A89F005EF62B /* Project object */;
			proxyType = 1;
			remoteGlobalIDString = F79E72BA2570A89F005EF62B;
			remoteInfo = GreateKolkata;
		};
		F79E72E02570A8AA005EF62B /* PBXContainerItemProxy */ = {
			isa = PBXContainerItemProxy;
			containerPortal = F79E72B32570A89F005EF62B /* Project object */;
			proxyType = 1;
			remoteGlobalIDString = F79E72BA2570A89F005EF62B;
			remoteInfo = GreateKolkata;
		};
/* End PBXContainerItemProxy section */

/* Begin PBXFileReference section */
		1E3B0ABD0DBE9E29AB03AD6A /* Pods-OrdermanTests.debug.xcconfig */ = {isa = PBXFileReference; includeInIndex = 1; lastKnownFileType = text.xcconfig; name = "Pods-OrdermanTests.debug.xcconfig"; path = "Target Support Files/Pods-OrdermanTests/Pods-OrdermanTests.debug.xcconfig"; sourceTree = "<group>"; };
		2450DA1FC3171D035C0D0CA2 /* Pods-Orderman.debug.xcconfig */ = {isa = PBXFileReference; includeInIndex = 1; lastKnownFileType = text.xcconfig; name = "Pods-Orderman.debug.xcconfig"; path = "Target Support Files/Pods-Orderman/Pods-Orderman.debug.xcconfig"; sourceTree = "<group>"; };
		336D809A31AAEF4AEB106E68 /* Pods_OrdermanTests.framework */ = {isa = PBXFileReference; explicitFileType = wrapper.framework; includeInIndex = 0; path = Pods_OrdermanTests.framework; sourceTree = BUILT_PRODUCTS_DIR; };
		383E601E27003720C28F4208 /* Pods_Orderman_OrdermanUITests.framework */ = {isa = PBXFileReference; explicitFileType = wrapper.framework; includeInIndex = 0; path = Pods_Orderman_OrdermanUITests.framework; sourceTree = BUILT_PRODUCTS_DIR; };
		40623A5925773E5A008144DC /* Setting.storyboard */ = {isa = PBXFileReference; lastKnownFileType = file.storyboard; path = Setting.storyboard; sourceTree = "<group>"; };
		40623A5E25773E70008144DC /* SettingViewController.swift */ = {isa = PBXFileReference; lastKnownFileType = sourcecode.swift; path = SettingViewController.swift; sourceTree = "<group>"; };
		408545CF257797E000A67C80 /* OrderViewController.swift */ = {isa = PBXFileReference; fileEncoding = 4; lastKnownFileType = sourcecode.swift; path = OrderViewController.swift; sourceTree = "<group>"; };
		8E5F0F54466FD81D16EA8A11 /* Pods_Orderman.framework */ = {isa = PBXFileReference; explicitFileType = wrapper.framework; includeInIndex = 0; path = Pods_Orderman.framework; sourceTree = BUILT_PRODUCTS_DIR; };
		BA37EDD823C5ACDACEDEECC8 /* Pods-OrdermanTests.release.xcconfig */ = {isa = PBXFileReference; includeInIndex = 1; lastKnownFileType = text.xcconfig; name = "Pods-OrdermanTests.release.xcconfig"; path = "Target Support Files/Pods-OrdermanTests/Pods-OrdermanTests.release.xcconfig"; sourceTree = "<group>"; };
		CFA048AA6BFC8A114205FA45 /* Pods-Orderman.release.xcconfig */ = {isa = PBXFileReference; includeInIndex = 1; lastKnownFileType = text.xcconfig; name = "Pods-Orderman.release.xcconfig"; path = "Target Support Files/Pods-Orderman/Pods-Orderman.release.xcconfig"; sourceTree = "<group>"; };
		E542E0D5C56BC51718691C1D /* Pods-Orderman-OrdermanUITests.debug.xcconfig */ = {isa = PBXFileReference; includeInIndex = 1; lastKnownFileType = text.xcconfig; name = "Pods-Orderman-OrdermanUITests.debug.xcconfig"; path = "Target Support Files/Pods-Orderman-OrdermanUITests/Pods-Orderman-OrdermanUITests.debug.xcconfig"; sourceTree = "<group>"; };
		EE924F98CDBC38440E663834 /* Pods-Orderman-OrdermanUITests.release.xcconfig */ = {isa = PBXFileReference; includeInIndex = 1; lastKnownFileType = text.xcconfig; name = "Pods-Orderman-OrdermanUITests.release.xcconfig"; path = "Target Support Files/Pods-Orderman-OrdermanUITests/Pods-Orderman-OrdermanUITests.release.xcconfig"; sourceTree = "<group>"; };
		F76EB73125753CEA00123E67 /* OrderStartViewController.swift */ = {isa = PBXFileReference; lastKnownFileType = sourcecode.swift; path = OrderStartViewController.swift; sourceTree = "<group>"; };
		F781C2F3257769DC0005D3E8 /* OrderDetailViewController.swift */ = {isa = PBXFileReference; lastKnownFileType = sourcecode.swift; path = OrderDetailViewController.swift; sourceTree = "<group>"; };
		F781C30025776E900005D3E8 /* Order.storyboard */ = {isa = PBXFileReference; lastKnownFileType = file.storyboard; path = Order.storyboard; sourceTree = "<group>"; };
		F79E72BB2570A89F005EF62B /* Orderman.app */ = {isa = PBXFileReference; explicitFileType = wrapper.application; includeInIndex = 0; path = Orderman.app; sourceTree = BUILT_PRODUCTS_DIR; };
		F79E72BE2570A89F005EF62B /* AppDelegate.swift */ = {isa = PBXFileReference; lastKnownFileType = sourcecode.swift; path = AppDelegate.swift; sourceTree = "<group>"; };
		F79E72C02570A89F005EF62B /* SceneDelegate.swift */ = {isa = PBXFileReference; lastKnownFileType = sourcecode.swift; path = SceneDelegate.swift; sourceTree = "<group>"; };
		F79E72C52570A89F005EF62B /* Base */ = {isa = PBXFileReference; lastKnownFileType = file.storyboard; name = Base; path = Base.lproj/Main.storyboard; sourceTree = "<group>"; };
		F79E72C82570A89F005EF62B /* GreateKolkata.xcdatamodel */ = {isa = PBXFileReference; lastKnownFileType = wrapper.xcdatamodel; path = GreateKolkata.xcdatamodel; sourceTree = "<group>"; };
		F79E72CA2570A8AA005EF62B /* Assets.xcassets */ = {isa = PBXFileReference; lastKnownFileType = folder.assetcatalog; path = Assets.xcassets; sourceTree = "<group>"; };
		F79E72CD2570A8AA005EF62B /* Base */ = {isa = PBXFileReference; lastKnownFileType = file.storyboard; name = Base; path = Base.lproj/LaunchScreen.storyboard; sourceTree = "<group>"; };
		F79E72CF2570A8AA005EF62B /* Info.plist */ = {isa = PBXFileReference; lastKnownFileType = text.plist.xml; path = Info.plist; sourceTree = "<group>"; };
		F79E72D42570A8AA005EF62B /* OrdermanTests.xctest */ = {isa = PBXFileReference; explicitFileType = wrapper.cfbundle; includeInIndex = 0; path = OrdermanTests.xctest; sourceTree = BUILT_PRODUCTS_DIR; };
		F79E72D82570A8AA005EF62B /* GreateKolkataTests.swift */ = {isa = PBXFileReference; lastKnownFileType = sourcecode.swift; path = GreateKolkataTests.swift; sourceTree = "<group>"; };
		F79E72DA2570A8AA005EF62B /* Info.plist */ = {isa = PBXFileReference; lastKnownFileType = text.plist.xml; path = Info.plist; sourceTree = "<group>"; };
		F79E72DF2570A8AA005EF62B /* OrdermanUITests.xctest */ = {isa = PBXFileReference; explicitFileType = wrapper.cfbundle; includeInIndex = 0; path = OrdermanUITests.xctest; sourceTree = BUILT_PRODUCTS_DIR; };
		F79E72E32570A8AA005EF62B /* GreateKolkataUITests.swift */ = {isa = PBXFileReference; lastKnownFileType = sourcecode.swift; path = GreateKolkataUITests.swift; sourceTree = "<group>"; };
		F79E72E52570A8AA005EF62B /* Info.plist */ = {isa = PBXFileReference; lastKnownFileType = text.plist.xml; path = Info.plist; sourceTree = "<group>"; };
/* End PBXFileReference section */

/* Begin PBXFrameworksBuildPhase section */
		F79E72B82570A89F005EF62B /* Frameworks */ = {
			isa = PBXFrameworksBuildPhase;
			buildActionMask = 2147483647;
			files = (
				D41BFA9E90DC6C578385D27D /* Pods_Orderman.framework in Frameworks */,
			);
			runOnlyForDeploymentPostprocessing = 0;
		};
		F79E72D12570A8AA005EF62B /* Frameworks */ = {
			isa = PBXFrameworksBuildPhase;
			buildActionMask = 2147483647;
			files = (
				0C3D2506D2F0AD2BEC400C8D /* Pods_OrdermanTests.framework in Frameworks */,
			);
			runOnlyForDeploymentPostprocessing = 0;
		};
		F79E72DC2570A8AA005EF62B /* Frameworks */ = {
			isa = PBXFrameworksBuildPhase;
			buildActionMask = 2147483647;
			files = (
				4FDA355F0C032434F1C34F8E /* Pods_Orderman_OrdermanUITests.framework in Frameworks */,
			);
			runOnlyForDeploymentPostprocessing = 0;
		};
/* End PBXFrameworksBuildPhase section */

/* Begin PBXGroup section */
		19735314068F79852E418AF0 /* Frameworks */ = {
			isa = PBXGroup;
			children = (
				8E5F0F54466FD81D16EA8A11 /* Pods_Orderman.framework */,
				383E601E27003720C28F4208 /* Pods_Orderman_OrdermanUITests.framework */,
				336D809A31AAEF4AEB106E68 /* Pods_OrdermanTests.framework */,
			);
			name = Frameworks;
			sourceTree = "<group>";
		};
		3DA2523A90E6761B71FF53B4 /* Pods */ = {
			isa = PBXGroup;
			children = (
				2450DA1FC3171D035C0D0CA2 /* Pods-Orderman.debug.xcconfig */,
				CFA048AA6BFC8A114205FA45 /* Pods-Orderman.release.xcconfig */,
				E542E0D5C56BC51718691C1D /* Pods-Orderman-OrdermanUITests.debug.xcconfig */,
				EE924F98CDBC38440E663834 /* Pods-Orderman-OrdermanUITests.release.xcconfig */,
				1E3B0ABD0DBE9E29AB03AD6A /* Pods-OrdermanTests.debug.xcconfig */,
				BA37EDD823C5ACDACEDEECC8 /* Pods-OrdermanTests.release.xcconfig */,
			);
			path = Pods;
			sourceTree = "<group>";
		};
		40623A63257743E2008144DC /* Setting */ = {
			isa = PBXGroup;
			children = (
				40623A5925773E5A008144DC /* Setting.storyboard */,
				40623A5E25773E70008144DC /* SettingViewController.swift */,
			);
			path = Setting;
			sourceTree = "<group>";
		};
		F781C3112577948F0005D3E8 /* Order */ = {
			isa = PBXGroup;
			children = (
				F781C30025776E900005D3E8 /* Order.storyboard */,
				F76EB73125753CEA00123E67 /* OrderStartViewController.swift */,
				408545CF257797E000A67C80 /* OrderViewController.swift */,
				F781C2F3257769DC0005D3E8 /* OrderDetailViewController.swift */,
			);
			path = Order;
			sourceTree = "<group>";
		};
		F79E72B22570A89F005EF62B = {
			isa = PBXGroup;
			children = (
				F79E72BD2570A89F005EF62B /* Orderman */,
				F79E72D72570A8AA005EF62B /* OrdermanTests */,
				F79E72E22570A8AA005EF62B /* OrdermanUITests */,
				F79E72BC2570A89F005EF62B /* Products */,
				3DA2523A90E6761B71FF53B4 /* Pods */,
				19735314068F79852E418AF0 /* Frameworks */,
			);
			sourceTree = "<group>";
		};
		F79E72BC2570A89F005EF62B /* Products */ = {
			isa = PBXGroup;
			children = (
				F79E72BB2570A89F005EF62B /* Orderman.app */,
				F79E72D42570A8AA005EF62B /* OrdermanTests.xctest */,
				F79E72DF2570A8AA005EF62B /* OrdermanUITests.xctest */,
			);
			name = Products;
			sourceTree = "<group>";
		};
		F79E72BD2570A89F005EF62B /* Orderman */ = {
			isa = PBXGroup;
			children = (
				F79E72BE2570A89F005EF62B /* AppDelegate.swift */,
				F79E72C02570A89F005EF62B /* SceneDelegate.swift */,
				F79E72CC2570A8AA005EF62B /* LaunchScreen.storyboard */,
				F79E72C42570A89F005EF62B /* Main.storyboard */,
				F79E72FC2570C188005EF62B /* Controllers */,
				F79E72CA2570A8AA005EF62B /* Assets.xcassets */,
				F79E72CF2570A8AA005EF62B /* Info.plist */,
				F79E72C72570A89F005EF62B /* GreateKolkata.xcdatamodeld */,
			);
			path = Orderman;
			sourceTree = "<group>";
		};
		F79E72D72570A8AA005EF62B /* OrdermanTests */ = {
			isa = PBXGroup;
			children = (
				F79E72D82570A8AA005EF62B /* GreateKolkataTests.swift */,
				F79E72DA2570A8AA005EF62B /* Info.plist */,
			);
			path = OrdermanTests;
			sourceTree = "<group>";
		};
		F79E72E22570A8AA005EF62B /* OrdermanUITests */ = {
			isa = PBXGroup;
			children = (
				F79E72E32570A8AA005EF62B /* GreateKolkataUITests.swift */,
				F79E72E52570A8AA005EF62B /* Info.plist */,
			);
			path = OrdermanUITests;
			sourceTree = "<group>";
		};
		F79E72FC2570C188005EF62B /* Controllers */ = {
			isa = PBXGroup;
			children = (
				F781C3112577948F0005D3E8 /* Order */,
				40623A63257743E2008144DC /* Setting */,
			);
			path = Controllers;
			sourceTree = "<group>";
		};
/* End PBXGroup section */

/* Begin PBXNativeTarget section */
		F79E72BA2570A89F005EF62B /* Orderman */ = {
			isa = PBXNativeTarget;
			buildConfigurationList = F79E72E82570A8AA005EF62B /* Build configuration list for PBXNativeTarget "Orderman" */;
			buildPhases = (
				791F742CA82E7F45BDFB32A2 /* [CP] Check Pods Manifest.lock */,
				F79E72B72570A89F005EF62B /* Sources */,
				F79E72B82570A89F005EF62B /* Frameworks */,
				F79E72B92570A89F005EF62B /* Resources */,
				F84F1AB1E42CA51B8FE9DC39 /* [CP] Embed Pods Frameworks */,
				40623A21257738AF008144DC /* [CP] SettingKit */,
			);
			buildRules = (
			);
			dependencies = (
			);
			name = Orderman;
			productName = GreateKolkata;
			productReference = F79E72BB2570A89F005EF62B /* Orderman.app */;
			productType = "com.apple.product-type.application";
		};
		F79E72D32570A8AA005EF62B /* OrdermanTests */ = {
			isa = PBXNativeTarget;
			buildConfigurationList = F79E72EB2570A8AA005EF62B /* Build configuration list for PBXNativeTarget "OrdermanTests" */;
			buildPhases = (
				AEDA9E11C3181E0E1A867C9C /* [CP] Check Pods Manifest.lock */,
				F79E72D02570A8AA005EF62B /* Sources */,
				F79E72D12570A8AA005EF62B /* Frameworks */,
				F79E72D22570A8AA005EF62B /* Resources */,
			);
			buildRules = (
			);
			dependencies = (
				F79E72D62570A8AA005EF62B /* PBXTargetDependency */,
			);
			name = OrdermanTests;
			productName = GreateKolkataTests;
			productReference = F79E72D42570A8AA005EF62B /* OrdermanTests.xctest */;
			productType = "com.apple.product-type.bundle.unit-test";
		};
		F79E72DE2570A8AA005EF62B /* OrdermanUITests */ = {
			isa = PBXNativeTarget;
			buildConfigurationList = F79E72EE2570A8AA005EF62B /* Build configuration list for PBXNativeTarget "OrdermanUITests" */;
			buildPhases = (
				D0FD15215D4C112A0D2254B6 /* [CP] Check Pods Manifest.lock */,
				F79E72DB2570A8AA005EF62B /* Sources */,
				F79E72DC2570A8AA005EF62B /* Frameworks */,
				F79E72DD2570A8AA005EF62B /* Resources */,
				F6EECD9A5F2C0DC37C92B972 /* [CP] Embed Pods Frameworks */,
			);
			buildRules = (
			);
			dependencies = (
				F79E72E12570A8AA005EF62B /* PBXTargetDependency */,
			);
			name = OrdermanUITests;
			productName = GreateKolkataUITests;
			productReference = F79E72DF2570A8AA005EF62B /* OrdermanUITests.xctest */;
			productType = "com.apple.product-type.bundle.ui-testing";
		};
/* End PBXNativeTarget section */

/* Begin PBXProject section */
		F79E72B32570A89F005EF62B /* Project object */ = {
			isa = PBXProject;
			attributes = {
				LastSwiftUpdateCheck = 1220;
				LastUpgradeCheck = 1220;
				TargetAttributes = {
					F79E72BA2570A89F005EF62B = {
						CreatedOnToolsVersion = 12.2;
					};
					F79E72D32570A8AA005EF62B = {
						CreatedOnToolsVersion = 12.2;
						TestTargetID = F79E72BA2570A89F005EF62B;
					};
					F79E72DE2570A8AA005EF62B = {
						CreatedOnToolsVersion = 12.2;
						TestTargetID = F79E72BA2570A89F005EF62B;
					};
				};
			};
			buildConfigurationList = F79E72B62570A89F005EF62B /* Build configuration list for PBXProject "Orderman" */;
			compatibilityVersion = "Xcode 9.3";
			developmentRegion = en;
			hasScannedForEncodings = 0;
			knownRegions = (
				en,
				Base,
			);
			mainGroup = F79E72B22570A89F005EF62B;
			productRefGroup = F79E72BC2570A89F005EF62B /* Products */;
			projectDirPath = "";
			projectRoot = "";
			targets = (
				F79E72BA2570A89F005EF62B /* Orderman */,
				F79E72D32570A8AA005EF62B /* OrdermanTests */,
				F79E72DE2570A8AA005EF62B /* OrdermanUITests */,
			);
		};
/* End PBXProject section */

/* Begin PBXResourcesBuildPhase section */
		F79E72B92570A89F005EF62B /* Resources */ = {
			isa = PBXResourcesBuildPhase;
			buildActionMask = 2147483647;
			files = (
				F781C30125776E900005D3E8 /* Order.storyboard in Resources */,
				F79E72CE2570A8AA005EF62B /* LaunchScreen.storyboard in Resources */,
				F79E72CB2570A8AA005EF62B /* Assets.xcassets in Resources */,
				F79E72C62570A89F005EF62B /* Main.storyboard in Resources */,
				40623A5A25773E5A008144DC /* Setting.storyboard in Resources */,
			);
			runOnlyForDeploymentPostprocessing = 0;
		};
		F79E72D22570A8AA005EF62B /* Resources */ = {
			isa = PBXResourcesBuildPhase;
			buildActionMask = 2147483647;
			files = (
			);
			runOnlyForDeploymentPostprocessing = 0;
		};
		F79E72DD2570A8AA005EF62B /* Resources */ = {
			isa = PBXResourcesBuildPhase;
			buildActionMask = 2147483647;
			files = (
			);
			runOnlyForDeploymentPostprocessing = 0;
		};
/* End PBXResourcesBuildPhase section */

/* Begin PBXShellScriptBuildPhase section */
		40623A21257738AF008144DC /* [CP] SettingKit */ = {
			isa = PBXShellScriptBuildPhase;
			buildActionMask = 2147483647;
			files = (
			);
			inputFileListPaths = (
			);
			inputPaths = (
				"$(SRCROOT)/Orderman/Settings.bundle/Root.plist",
			);
			name = "[CP] SettingKit";
			outputFileListPaths = (
			);
			outputPaths = (
				"$(SRCROOT)/Orderman/Settings.swift",
			);
			runOnlyForDeploymentPostprocessing = 0;
			shellPath = /bin/sh;
			shellScript = "# Type a script or drag a script file from your workspace to insert its path.\nPATH=$(bash -l -c 'echo $PATH')\n$PODS_ROOT/SettingsKit/build -p $PROJECT_FILE_PATH -s $SCRIPT_INPUT_FILE_0 -o $SCRIPT_OUTPUT_FILE_0\n";
		};
		791F742CA82E7F45BDFB32A2 /* [CP] Check Pods Manifest.lock */ = {
			isa = PBXShellScriptBuildPhase;
			buildActionMask = 2147483647;
			files = (
			);
			inputFileListPaths = (
			);
			inputPaths = (
				"${PODS_PODFILE_DIR_PATH}/Podfile.lock",
				"${PODS_ROOT}/Manifest.lock",
			);
			name = "[CP] Check Pods Manifest.lock";
			outputFileListPaths = (
			);
			outputPaths = (
				"$(DERIVED_FILE_DIR)/Pods-Orderman-checkManifestLockResult.txt",
			);
			runOnlyForDeploymentPostprocessing = 0;
			shellPath = /bin/sh;
			shellScript = "diff \"${PODS_PODFILE_DIR_PATH}/Podfile.lock\" \"${PODS_ROOT}/Manifest.lock\" > /dev/null\nif [ $? != 0 ] ; then\n    # print error to STDERR\n    echo \"error: The sandbox is not in sync with the Podfile.lock. Run 'pod install' or update your CocoaPods installation.\" >&2\n    exit 1\nfi\n# This output is used by Xcode 'outputs' to avoid re-running this script phase.\necho \"SUCCESS\" > \"${SCRIPT_OUTPUT_FILE_0}\"\n";
			showEnvVarsInLog = 0;
		};
		AEDA9E11C3181E0E1A867C9C /* [CP] Check Pods Manifest.lock */ = {
			isa = PBXShellScriptBuildPhase;
			buildActionMask = 2147483647;
			files = (
			);
			inputFileListPaths = (
			);
			inputPaths = (
				"${PODS_PODFILE_DIR_PATH}/Podfile.lock",
				"${PODS_ROOT}/Manifest.lock",
			);
			name = "[CP] Check Pods Manifest.lock";
			outputFileListPaths = (
			);
			outputPaths = (
				"$(DERIVED_FILE_DIR)/Pods-OrdermanTests-checkManifestLockResult.txt",
			);
			runOnlyForDeploymentPostprocessing = 0;
			shellPath = /bin/sh;
			shellScript = "diff \"${PODS_PODFILE_DIR_PATH}/Podfile.lock\" \"${PODS_ROOT}/Manifest.lock\" > /dev/null\nif [ $? != 0 ] ; then\n    # print error to STDERR\n    echo \"error: The sandbox is not in sync with the Podfile.lock. Run 'pod install' or update your CocoaPods installation.\" >&2\n    exit 1\nfi\n# This output is used by Xcode 'outputs' to avoid re-running this script phase.\necho \"SUCCESS\" > \"${SCRIPT_OUTPUT_FILE_0}\"\n";
			showEnvVarsInLog = 0;
		};
		D0FD15215D4C112A0D2254B6 /* [CP] Check Pods Manifest.lock */ = {
			isa = PBXShellScriptBuildPhase;
			buildActionMask = 2147483647;
			files = (
			);
			inputFileListPaths = (
			);
			inputPaths = (
				"${PODS_PODFILE_DIR_PATH}/Podfile.lock",
				"${PODS_ROOT}/Manifest.lock",
			);
			name = "[CP] Check Pods Manifest.lock";
			outputFileListPaths = (
			);
			outputPaths = (
				"$(DERIVED_FILE_DIR)/Pods-Orderman-OrdermanUITests-checkManifestLockResult.txt",
			);
			runOnlyForDeploymentPostprocessing = 0;
			shellPath = /bin/sh;
			shellScript = "diff \"${PODS_PODFILE_DIR_PATH}/Podfile.lock\" \"${PODS_ROOT}/Manifest.lock\" > /dev/null\nif [ $? != 0 ] ; then\n    # print error to STDERR\n    echo \"error: The sandbox is not in sync with the Podfile.lock. Run 'pod install' or update your CocoaPods installation.\" >&2\n    exit 1\nfi\n# This output is used by Xcode 'outputs' to avoid re-running this script phase.\necho \"SUCCESS\" > \"${SCRIPT_OUTPUT_FILE_0}\"\n";
			showEnvVarsInLog = 0;
		};
		F6EECD9A5F2C0DC37C92B972 /* [CP] Embed Pods Frameworks */ = {
			isa = PBXShellScriptBuildPhase;
			buildActionMask = 2147483647;
			files = (
			);
			inputFileListPaths = (
				"${PODS_ROOT}/Target Support Files/Pods-Orderman-OrdermanUITests/Pods-Orderman-OrdermanUITests-frameworks-${CONFIGURATION}-input-files.xcfilelist",
			);
			name = "[CP] Embed Pods Frameworks";
			outputFileListPaths = (
				"${PODS_ROOT}/Target Support Files/Pods-Orderman-OrdermanUITests/Pods-Orderman-OrdermanUITests-frameworks-${CONFIGURATION}-output-files.xcfilelist",
			);
			runOnlyForDeploymentPostprocessing = 0;
			shellPath = /bin/sh;
			shellScript = "\"${PODS_ROOT}/Target Support Files/Pods-Orderman-OrdermanUITests/Pods-Orderman-OrdermanUITests-frameworks.sh\"\n";
			showEnvVarsInLog = 0;
		};
		F84F1AB1E42CA51B8FE9DC39 /* [CP] Embed Pods Frameworks */ = {
			isa = PBXShellScriptBuildPhase;
			buildActionMask = 2147483647;
			files = (
			);
			inputFileListPaths = (
				"${PODS_ROOT}/Target Support Files/Pods-Orderman/Pods-Orderman-frameworks-${CONFIGURATION}-input-files.xcfilelist",
			);
			name = "[CP] Embed Pods Frameworks";
			outputFileListPaths = (
				"${PODS_ROOT}/Target Support Files/Pods-Orderman/Pods-Orderman-frameworks-${CONFIGURATION}-output-files.xcfilelist",
			);
			runOnlyForDeploymentPostprocessing = 0;
			shellPath = /bin/sh;
			shellScript = "\"${PODS_ROOT}/Target Support Files/Pods-Orderman/Pods-Orderman-frameworks.sh\"\n";
			showEnvVarsInLog = 0;
		};
/* End PBXShellScriptBuildPhase section */

/* Begin PBXSourcesBuildPhase section */
		F79E72B72570A89F005EF62B /* Sources */ = {
			isa = PBXSourcesBuildPhase;
			buildActionMask = 2147483647;
			files = (
				F781C2F4257769DC0005D3E8 /* OrderDetailViewController.swift in Sources */,
				40623A5F25773E70008144DC /* SettingViewController.swift in Sources */,
				F79E72C92570A89F005EF62B /* GreateKolkata.xcdatamodeld in Sources */,
				408545D0257797E000A67C80 /* OrderViewController.swift in Sources */,
				F79E72BF2570A89F005EF62B /* AppDelegate.swift in Sources */,
				F79E72C12570A89F005EF62B /* SceneDelegate.swift in Sources */,
				F76EB73225753CEA00123E67 /* OrderStartViewController.swift in Sources */,
			);
			runOnlyForDeploymentPostprocessing = 0;
		};
		F79E72D02570A8AA005EF62B /* Sources */ = {
			isa = PBXSourcesBuildPhase;
			buildActionMask = 2147483647;
			files = (
				F79E72D92570A8AA005EF62B /* GreateKolkataTests.swift in Sources */,
			);
			runOnlyForDeploymentPostprocessing = 0;
		};
		F79E72DB2570A8AA005EF62B /* Sources */ = {
			isa = PBXSourcesBuildPhase;
			buildActionMask = 2147483647;
			files = (
				F79E72E42570A8AA005EF62B /* GreateKolkataUITests.swift in Sources */,
			);
			runOnlyForDeploymentPostprocessing = 0;
		};
/* End PBXSourcesBuildPhase section */

/* Begin PBXTargetDependency section */
		F79E72D62570A8AA005EF62B /* PBXTargetDependency */ = {
			isa = PBXTargetDependency;
			target = F79E72BA2570A89F005EF62B /* Orderman */;
			targetProxy = F79E72D52570A8AA005EF62B /* PBXContainerItemProxy */;
		};
		F79E72E12570A8AA005EF62B /* PBXTargetDependency */ = {
			isa = PBXTargetDependency;
			target = F79E72BA2570A89F005EF62B /* Orderman */;
			targetProxy = F79E72E02570A8AA005EF62B /* PBXContainerItemProxy */;
		};
/* End PBXTargetDependency section */

/* Begin PBXVariantGroup section */
		F79E72C42570A89F005EF62B /* Main.storyboard */ = {
			isa = PBXVariantGroup;
			children = (
				F79E72C52570A89F005EF62B /* Base */,
			);
			name = Main.storyboard;
			sourceTree = "<group>";
		};
		F79E72CC2570A8AA005EF62B /* LaunchScreen.storyboard */ = {
			isa = PBXVariantGroup;
			children = (
				F79E72CD2570A8AA005EF62B /* Base */,
			);
			name = LaunchScreen.storyboard;
			sourceTree = "<group>";
		};
/* End PBXVariantGroup section */

/* Begin XCBuildConfiguration section */
		F79E72E62570A8AA005EF62B /* Debug */ = {
			isa = XCBuildConfiguration;
			buildSettings = {
				ALWAYS_SEARCH_USER_PATHS = NO;
				CLANG_ANALYZER_NONNULL = YES;
				CLANG_ANALYZER_NUMBER_OBJECT_CONVERSION = YES_AGGRESSIVE;
				CLANG_CXX_LANGUAGE_STANDARD = "gnu++14";
				CLANG_CXX_LIBRARY = "libc++";
				CLANG_ENABLE_MODULES = YES;
				CLANG_ENABLE_OBJC_ARC = YES;
				CLANG_ENABLE_OBJC_WEAK = YES;
				CLANG_WARN_BLOCK_CAPTURE_AUTORELEASING = YES;
				CLANG_WARN_BOOL_CONVERSION = YES;
				CLANG_WARN_COMMA = YES;
				CLANG_WARN_CONSTANT_CONVERSION = YES;
				CLANG_WARN_DEPRECATED_OBJC_IMPLEMENTATIONS = YES;
				CLANG_WARN_DIRECT_OBJC_ISA_USAGE = YES_ERROR;
				CLANG_WARN_DOCUMENTATION_COMMENTS = YES;
				CLANG_WARN_EMPTY_BODY = YES;
				CLANG_WARN_ENUM_CONVERSION = YES;
				CLANG_WARN_INFINITE_RECURSION = YES;
				CLANG_WARN_INT_CONVERSION = YES;
				CLANG_WARN_NON_LITERAL_NULL_CONVERSION = YES;
				CLANG_WARN_OBJC_IMPLICIT_RETAIN_SELF = YES;
				CLANG_WARN_OBJC_LITERAL_CONVERSION = YES;
				CLANG_WARN_OBJC_ROOT_CLASS = YES_ERROR;
				CLANG_WARN_QUOTED_INCLUDE_IN_FRAMEWORK_HEADER = YES;
				CLANG_WARN_RANGE_LOOP_ANALYSIS = YES;
				CLANG_WARN_STRICT_PROTOTYPES = YES;
				CLANG_WARN_SUSPICIOUS_MOVE = YES;
				CLANG_WARN_UNGUARDED_AVAILABILITY = YES_AGGRESSIVE;
				CLANG_WARN_UNREACHABLE_CODE = YES;
				CLANG_WARN__DUPLICATE_METHOD_MATCH = YES;
				COPY_PHASE_STRIP = NO;
				DEBUG_INFORMATION_FORMAT = dwarf;
				ENABLE_STRICT_OBJC_MSGSEND = YES;
				ENABLE_TESTABILITY = YES;
				GCC_C_LANGUAGE_STANDARD = gnu11;
				GCC_DYNAMIC_NO_PIC = NO;
				GCC_NO_COMMON_BLOCKS = YES;
				GCC_OPTIMIZATION_LEVEL = 0;
				GCC_PREPROCESSOR_DEFINITIONS = (
					"DEBUG=1",
					"$(inherited)",
				);
				GCC_WARN_64_TO_32_BIT_CONVERSION = YES;
				GCC_WARN_ABOUT_RETURN_TYPE = YES_ERROR;
				GCC_WARN_UNDECLARED_SELECTOR = YES;
				GCC_WARN_UNINITIALIZED_AUTOS = YES_AGGRESSIVE;
				GCC_WARN_UNUSED_FUNCTION = YES;
				GCC_WARN_UNUSED_VARIABLE = YES;
				IPHONEOS_DEPLOYMENT_TARGET = 13.0;
				MTL_ENABLE_DEBUG_INFO = INCLUDE_SOURCE;
				MTL_FAST_MATH = YES;
				ONLY_ACTIVE_ARCH = YES;
				SDKROOT = iphoneos;
				SWIFT_ACTIVE_COMPILATION_CONDITIONS = DEBUG;
				SWIFT_OPTIMIZATION_LEVEL = "-Onone";
			};
			name = Debug;
		};
		F79E72E72570A8AA005EF62B /* Release */ = {
			isa = XCBuildConfiguration;
			buildSettings = {
				ALWAYS_SEARCH_USER_PATHS = NO;
				CLANG_ANALYZER_NONNULL = YES;
				CLANG_ANALYZER_NUMBER_OBJECT_CONVERSION = YES_AGGRESSIVE;
				CLANG_CXX_LANGUAGE_STANDARD = "gnu++14";
				CLANG_CXX_LIBRARY = "libc++";
				CLANG_ENABLE_MODULES = YES;
				CLANG_ENABLE_OBJC_ARC = YES;
				CLANG_ENABLE_OBJC_WEAK = YES;
				CLANG_WARN_BLOCK_CAPTURE_AUTORELEASING = YES;
				CLANG_WARN_BOOL_CONVERSION = YES;
				CLANG_WARN_COMMA = YES;
				CLANG_WARN_CONSTANT_CONVERSION = YES;
				CLANG_WARN_DEPRECATED_OBJC_IMPLEMENTATIONS = YES;
				CLANG_WARN_DIRECT_OBJC_ISA_USAGE = YES_ERROR;
				CLANG_WARN_DOCUMENTATION_COMMENTS = YES;
				CLANG_WARN_EMPTY_BODY = YES;
				CLANG_WARN_ENUM_CONVERSION = YES;
				CLANG_WARN_INFINITE_RECURSION = YES;
				CLANG_WARN_INT_CONVERSION = YES;
				CLANG_WARN_NON_LITERAL_NULL_CONVERSION = YES;
				CLANG_WARN_OBJC_IMPLICIT_RETAIN_SELF = YES;
				CLANG_WARN_OBJC_LITERAL_CONVERSION = YES;
				CLANG_WARN_OBJC_ROOT_CLASS = YES_ERROR;
				CLANG_WARN_QUOTED_INCLUDE_IN_FRAMEWORK_HEADER = YES;
				CLANG_WARN_RANGE_LOOP_ANALYSIS = YES;
				CLANG_WARN_STRICT_PROTOTYPES = YES;
				CLANG_WARN_SUSPICIOUS_MOVE = YES;
				CLANG_WARN_UNGUARDED_AVAILABILITY = YES_AGGRESSIVE;
				CLANG_WARN_UNREACHABLE_CODE = YES;
				CLANG_WARN__DUPLICATE_METHOD_MATCH = YES;
				COPY_PHASE_STRIP = NO;
				DEBUG_INFORMATION_FORMAT = "dwarf-with-dsym";
				ENABLE_NS_ASSERTIONS = NO;
				ENABLE_STRICT_OBJC_MSGSEND = YES;
				GCC_C_LANGUAGE_STANDARD = gnu11;
				GCC_NO_COMMON_BLOCKS = YES;
				GCC_WARN_64_TO_32_BIT_CONVERSION = YES;
				GCC_WARN_ABOUT_RETURN_TYPE = YES_ERROR;
				GCC_WARN_UNDECLARED_SELECTOR = YES;
				GCC_WARN_UNINITIALIZED_AUTOS = YES_AGGRESSIVE;
				GCC_WARN_UNUSED_FUNCTION = YES;
				GCC_WARN_UNUSED_VARIABLE = YES;
				IPHONEOS_DEPLOYMENT_TARGET = 13.0;
				MTL_ENABLE_DEBUG_INFO = NO;
				MTL_FAST_MATH = YES;
				SDKROOT = iphoneos;
				SWIFT_COMPILATION_MODE = wholemodule;
				SWIFT_OPTIMIZATION_LEVEL = "-O";
				VALIDATE_PRODUCT = YES;
			};
			name = Release;
		};
		F79E72E92570A8AA005EF62B /* Debug */ = {
			isa = XCBuildConfiguration;
			baseConfigurationReference = 2450DA1FC3171D035C0D0CA2 /* Pods-Orderman.debug.xcconfig */;
			buildSettings = {
				ASSETCATALOG_COMPILER_APPICON_NAME = AppIcon;
				ASSETCATALOG_COMPILER_GLOBAL_ACCENT_COLOR_NAME = AccentColor;
				CODE_SIGN_STYLE = Automatic;
				DEVELOPMENT_TEAM = 2UW3394MF3;
				INFOPLIST_FILE = Orderman/Info.plist;
				LD_RUNPATH_SEARCH_PATHS = (
					"$(inherited)",
					"@executable_path/Frameworks",
				);
				PRODUCT_BUNDLE_IDENTIFIER = com.archive.Orderman;
				PRODUCT_NAME = "$(TARGET_NAME)";
				SWIFT_VERSION = 5.0;
				TARGETED_DEVICE_FAMILY = "1,2";
			};
			name = Debug;
		};
		F79E72EA2570A8AA005EF62B /* Release */ = {
			isa = XCBuildConfiguration;
			baseConfigurationReference = CFA048AA6BFC8A114205FA45 /* Pods-Orderman.release.xcconfig */;
			buildSettings = {
				ASSETCATALOG_COMPILER_APPICON_NAME = AppIcon;
				ASSETCATALOG_COMPILER_GLOBAL_ACCENT_COLOR_NAME = AccentColor;
				CODE_SIGN_STYLE = Automatic;
				DEVELOPMENT_TEAM = 2UW3394MF3;
				INFOPLIST_FILE = Orderman/Info.plist;
				LD_RUNPATH_SEARCH_PATHS = (
					"$(inherited)",
					"@executable_path/Frameworks",
				);
				PRODUCT_BUNDLE_IDENTIFIER = com.archive.Orderman;
				PRODUCT_NAME = "$(TARGET_NAME)";
				SWIFT_VERSION = 5.0;
				TARGETED_DEVICE_FAMILY = "1,2";
			};
			name = Release;
		};
		F79E72EC2570A8AA005EF62B /* Debug */ = {
			isa = XCBuildConfiguration;
			baseConfigurationReference = 1E3B0ABD0DBE9E29AB03AD6A /* Pods-OrdermanTests.debug.xcconfig */;
			buildSettings = {
				ALWAYS_EMBED_SWIFT_STANDARD_LIBRARIES = YES;
				BUNDLE_LOADER = "$(TEST_HOST)";
				CODE_SIGN_STYLE = Automatic;
				DEVELOPMENT_TEAM = 2UW3394MF3;
				INFOPLIST_FILE = GreateKolkataTests/Info.plist;
				LD_RUNPATH_SEARCH_PATHS = (
					"$(inherited)",
					"@executable_path/Frameworks",
					"@loader_path/Frameworks",
				);
				PRODUCT_BUNDLE_IDENTIFIER = com.archive.GreateKolkataTests;
				PRODUCT_NAME = "$(TARGET_NAME)";
				SWIFT_VERSION = 5.0;
				TARGETED_DEVICE_FAMILY = "1,2";
				TEST_HOST = "$(BUILT_PRODUCTS_DIR)/Orderman.app/Orderman";
			};
			name = Debug;
		};
		F79E72ED2570A8AA005EF62B /* Release */ = {
			isa = XCBuildConfiguration;
			baseConfigurationReference = BA37EDD823C5ACDACEDEECC8 /* Pods-OrdermanTests.release.xcconfig */;
			buildSettings = {
				ALWAYS_EMBED_SWIFT_STANDARD_LIBRARIES = YES;
				BUNDLE_LOADER = "$(TEST_HOST)";
				CODE_SIGN_STYLE = Automatic;
				DEVELOPMENT_TEAM = 2UW3394MF3;
				INFOPLIST_FILE = GreateKolkataTests/Info.plist;
				LD_RUNPATH_SEARCH_PATHS = (
					"$(inherited)",
					"@executable_path/Frameworks",
					"@loader_path/Frameworks",
				);
				PRODUCT_BUNDLE_IDENTIFIER = com.archive.GreateKolkataTests;
				PRODUCT_NAME = "$(TARGET_NAME)";
				SWIFT_VERSION = 5.0;
				TARGETED_DEVICE_FAMILY = "1,2";
				TEST_HOST = "$(BUILT_PRODUCTS_DIR)/Orderman.app/Orderman";
			};
			name = Release;
		};
		F79E72EF2570A8AA005EF62B /* Debug */ = {
			isa = XCBuildConfiguration;
			baseConfigurationReference = E542E0D5C56BC51718691C1D /* Pods-Orderman-OrdermanUITests.debug.xcconfig */;
			buildSettings = {
				ALWAYS_EMBED_SWIFT_STANDARD_LIBRARIES = "$(inherited)";
				CODE_SIGN_STYLE = Automatic;
				DEVELOPMENT_TEAM = 2UW3394MF3;
				INFOPLIST_FILE = GreateKolkataUITests/Info.plist;
				LD_RUNPATH_SEARCH_PATHS = (
					"$(inherited)",
					"@executable_path/Frameworks",
					"@loader_path/Frameworks",
				);
				PRODUCT_BUNDLE_IDENTIFIER = com.archive.GreateKolkataUITests;
				PRODUCT_NAME = "$(TARGET_NAME)";
				SWIFT_VERSION = 5.0;
				TARGETED_DEVICE_FAMILY = "1,2";
				TEST_TARGET_NAME = GreateKolkata;
			};
			name = Debug;
		};
		F79E72F02570A8AA005EF62B /* Release */ = {
			isa = XCBuildConfiguration;
			baseConfigurationReference = EE924F98CDBC38440E663834 /* Pods-Orderman-OrdermanUITests.release.xcconfig */;
			buildSettings = {
				ALWAYS_EMBED_SWIFT_STANDARD_LIBRARIES = "$(inherited)";
				CODE_SIGN_STYLE = Automatic;
				DEVELOPMENT_TEAM = 2UW3394MF3;
				INFOPLIST_FILE = GreateKolkataUITests/Info.plist;
				LD_RUNPATH_SEARCH_PATHS = (
					"$(inherited)",
					"@executable_path/Frameworks",
					"@loader_path/Frameworks",
				);
				PRODUCT_BUNDLE_IDENTIFIER = com.archive.GreateKolkataUITests;
				PRODUCT_NAME = "$(TARGET_NAME)";
				SWIFT_VERSION = 5.0;
				TARGETED_DEVICE_FAMILY = "1,2";
				TEST_TARGET_NAME = GreateKolkata;
			};
			name = Release;
		};
/* End XCBuildConfiguration section */

/* Begin XCConfigurationList section */
		F79E72B62570A89F005EF62B /* Build configuration list for PBXProject "Orderman" */ = {
			isa = XCConfigurationList;
			buildConfigurations = (
				F79E72E62570A8AA005EF62B /* Debug */,
				F79E72E72570A8AA005EF62B /* Release */,
			);
			defaultConfigurationIsVisible = 0;
			defaultConfigurationName = Release;
		};
		F79E72E82570A8AA005EF62B /* Build configuration list for PBXNativeTarget "Orderman" */ = {
			isa = XCConfigurationList;
			buildConfigurations = (
				F79E72E92570A8AA005EF62B /* Debug */,
				F79E72EA2570A8AA005EF62B /* Release */,
			);
			defaultConfigurationIsVisible = 0;
			defaultConfigurationName = Release;
		};
		F79E72EB2570A8AA005EF62B /* Build configuration list for PBXNativeTarget "OrdermanTests" */ = {
			isa = XCConfigurationList;
			buildConfigurations = (
				F79E72EC2570A8AA005EF62B /* Debug */,
				F79E72ED2570A8AA005EF62B /* Release */,
			);
			defaultConfigurationIsVisible = 0;
			defaultConfigurationName = Release;
		};
		F79E72EE2570A8AA005EF62B /* Build configuration list for PBXNativeTarget "OrdermanUITests" */ = {
			isa = XCConfigurationList;
			buildConfigurations = (
				F79E72EF2570A8AA005EF62B /* Debug */,
				F79E72F02570A8AA005EF62B /* Release */,
			);
			defaultConfigurationIsVisible = 0;
			defaultConfigurationName = Release;
		};
/* End XCConfigurationList section */

/* Begin XCVersionGroup section */
		F79E72C72570A89F005EF62B /* GreateKolkata.xcdatamodeld */ = {
			isa = XCVersionGroup;
			children = (
				F79E72C82570A89F005EF62B /* GreateKolkata.xcdatamodel */,
			);
			currentVersion = F79E72C82570A89F005EF62B /* GreateKolkata.xcdatamodel */;
			path = GreateKolkata.xcdatamodeld;
			sourceTree = "<group>";
			versionGroupType = wrapper.xcdatamodel;
		};
/* End XCVersionGroup section */
	};
	rootObject = F79E72B32570A89F005EF62B /* Project object */;
}
